
Microsoft Visual Studio Solution File, Format Version 12.00
# Visual Studio Version 17
VisualStudioVersion = 17.1.32319.34
MinimumVisualStudioVersion = 10.0.40219.1
Project("{FAE04EC0-301F-11D3-BF4B-00C04F79EFBC}") = "Cartoons", "Cartoons\Cartoons.csproj", "{0191A2F5-994B-4FBC-880B-0CA289668D69}"
EndProject
Project("{FAE04EC0-301F-11D3-BF4B-00C04F79EFBC}") = "Cartoons.Core", "Cartoons.Core\Cartoons.Core.csproj", "{22D8B3C1-474A-4AA2-B136-903C563FEFCC}"
EndProject
Global
	GlobalSection(SolutionConfigurationPlatforms) = preSolution
		Debug|Any CPU = Debug|Any CPU
		Release|Any CPU = Release|Any CPU
	EndGlobalSection
	GlobalSection(ProjectConfigurationPlatforms) = postSolution
		{0191A2F5-994B-4FBC-880B-0CA289668D69}.Debug|Any CPU.ActiveCfg = Debug|Any CPU
		{0191A2F5-994B-4FBC-880B-0CA289668D69}.Debug|Any CPU.Build.0 = Debug|Any CPU
		{0191A2F5-994B-4FBC-880B-0CA289668D69}.Release|Any CPU.ActiveCfg = Release|Any CPU
		{0191A2F5-994B-4FBC-880B-0CA289668D69}.Release|Any CPU.Build.0 = Release|Any CPU
		{22D8B3C1-474A-4AA2-B136-903C563FEFCC}.Debug|Any CPU.ActiveCfg = Debug|Any CPU
		{22D8B3C1-474A-4AA2-B136-903C563FEFCC}.Debug|Any CPU.Build.0 = Debug|Any CPU
		{22D8B3C1-474A-4AA2-B136-903C563FEFCC}.Release|Any CPU.ActiveCfg = Release|Any CPU
		{22D8B3C1-474A-4AA2-B136-903C563FEFCC}.Release|Any CPU.Build.0 = Release|Any CPU
	EndGlobalSection
	GlobalSection(SolutionProperties) = preSolution
		HideSolutionNode = FALSE
	EndGlobalSection
	GlobalSection(ExtensibilityGlobals) = postSolution
		SolutionGuid = {1883AF35-FB49-48DC-B5D2-1EBDACF58013}
	EndGlobalSection
EndGlobal
